
Microsoft Visual Studio Solution File, Format Version 12.00
# Visual Studio Version 16
VisualStudioVersion = 16.0.29926.136
MinimumVisualStudioVersion = 10.0.40219.1
Project("{FAE04EC0-301F-11D3-BF4B-00C04F79EFBC}") = "Snake", "Snake\Snake.csproj", "{2CBA3044-DAC1-417A-B687-0433F19CF313}"
EndProject
Global
	GlobalSection(SolutionConfigurationPlatforms) = preSolution
		Debug|Any CPU = Debug|Any CPU
		Release|Any CPU = Release|Any CPU
	EndGlobalSection
	GlobalSection(ProjectConfigurationPlatforms) = postSolution
		{2CBA3044-DAC1-417A-B687-0433F19CF313}.Debug|Any CPU.ActiveCfg = Debug|Any CPU
		{2CBA3044-DAC1-417A-B687-0433F19CF313}.Debug|Any CPU.Build.0 = Debug|Any CPU
		{2CBA3044-DAC1-417A-B687-0433F19CF313}.Release|Any CPU.ActiveCfg = Release|Any CPU
		{2CBA3044-DAC1-417A-B687-0433F19CF313}.Release|Any CPU.Build.0 = Release|Any CPU
	EndGlobalSection
	GlobalSection(SolutionProperties) = preSolution
		HideSolutionNode = FALSE
	EndGlobalSection
	GlobalSection(ExtensibilityGlobals) = postSolution
		SolutionGuid = {E0FF7ECD-F3CB-48A6-A1C6-F37DA5EDBF10}
	EndGlobalSection
EndGlobal
